
Microsoft Visual Studio Solution File, Format Version 12.00
# Visual Studio Version 17
VisualStudioVersion = 17.2.32630.192
MinimumVisualStudioVersion = 10.0.40219.1
Project("{FAE04EC0-301F-11D3-BF4B-00C04F79EFBC}") = "Beader", "Beader.csproj", "{E2A2599C-4A88-40A7-AE87-2AD30D813939}"
EndProject
Global
	GlobalSection(SolutionConfigurationPlatforms) = preSolution
		Debug|Any CPU = Debug|Any CPU
		Release|Any CPU = Release|Any CPU
	EndGlobalSection
	GlobalSection(ProjectConfigurationPlatforms) = postSolution
		{E2A2599C-4A88-40A7-AE87-2AD30D813939}.Debug|Any CPU.ActiveCfg = Debug|Any CPU
		{E2A2599C-4A88-40A7-AE87-2AD30D813939}.Debug|Any CPU.Build.0 = Debug|Any CPU
		{E2A2599C-4A88-40A7-AE87-2AD30D813939}.Release|Any CPU.ActiveCfg = Release|Any CPU
		{E2A2599C-4A88-40A7-AE87-2AD30D813939}.Release|Any CPU.Build.0 = Release|Any CPU
	EndGlobalSection
	GlobalSection(SolutionProperties) = preSolution
		HideSolutionNode = FALSE
	EndGlobalSection
	GlobalSection(ExtensibilityGlobals) = postSolution
		SolutionGuid = {A079C9D5-F7AA-43B1-9E63-5A2CA82F81B1}
	EndGlobalSection
EndGlobal
